# This file is automatically generated by cargo-component.
# It is not intended for manual editing.
version = 1

[[package]]
name = "wavs:worker"

[[package.version]]
requirement = "^0.4.0-beta.1"
version = "0.4.0-beta.2"
digest = "sha256:f5ef46a7fc78792eb80f0746e21baa4275b3593aafd1cb8be8649439e47f4db7"
