# This file is automatically generated by cargo-component.
# It is not intended for manual editing.
version = 1

[[package]]
name = "wavs:worker"

[[package.version]]
requirement = "^0.4.0-beta.4"
version = "0.4.0-beta.4"
digest = "sha256:daee6b7f83a38ebfe7ed168d17e4c97cf6dc2d1b5af3816d3088c19daf7c5d8c"
