# This file is automatically generated by cargo-component.
# It is not intended for manual editing.
version = 1

[[package]]
name = "wavs:worker"

[[package.version]]
requirement = "^0.4.0-alpha.2"
version = "0.4.0-alpha.2"
digest = "sha256:6b8578c639c35ca2fd53c2cb7c357e29e62a605ebe4b3180bd5ad00f069d3624"
